
Microsoft Visual Studio Solution File, Format Version 12.00
# Visual Studio Version 16
VisualStudioVersion = 16.0.33027.164
MinimumVisualStudioVersion = 10.0.40219.1
Project("{FAE04EC0-301F-11D3-BF4B-00C04F79EFBC}") = "Last_Dairy_Farm_M", "Last_Dairy_Farm_M\Last_Dairy_Farm_M.csproj", "{DDF9652E-73A2-433E-BC03-A174D5110FCB}"
EndProject
Global
	GlobalSection(SolutionConfigurationPlatforms) = preSolution
		Debug|Any CPU = Debug|Any CPU
		Release|Any CPU = Release|Any CPU
	EndGlobalSection
	GlobalSection(ProjectConfigurationPlatforms) = postSolution
		{DDF9652E-73A2-433E-BC03-A174D5110FCB}.Debug|Any CPU.ActiveCfg = Debug|Any CPU
		{DDF9652E-73A2-433E-BC03-A174D5110FCB}.Debug|Any CPU.Build.0 = Debug|Any CPU
		{DDF9652E-73A2-433E-BC03-A174D5110FCB}.Release|Any CPU.ActiveCfg = Release|Any CPU
		{DDF9652E-73A2-433E-BC03-A174D5110FCB}.Release|Any CPU.Build.0 = Release|Any CPU
	EndGlobalSection
	GlobalSection(SolutionProperties) = preSolution
		HideSolutionNode = FALSE
	EndGlobalSection
	GlobalSection(ExtensibilityGlobals) = postSolution
		SolutionGuid = {B760282F-BCA8-4A3F-9948-31EFA699C4F5}
	EndGlobalSection
EndGlobal
